
Microsoft Visual Studio Solution File, Format Version 12.00
# Visual Studio Version 17
VisualStudioVersion = 17.1.32210.238
MinimumVisualStudioVersion = 10.0.40219.1
Project("{FAE04EC0-301F-11D3-BF4B-00C04F79EFBC}") = "CAThreadPool", "CAThreadPool\CAThreadPool.csproj", "{1E7EFF8A-D733-49EF-BFB2-393559C0D59B}"
EndProject
Global
	GlobalSection(SolutionConfigurationPlatforms) = preSolution
		Debug|Any CPU = Debug|Any CPU
		Release|Any CPU = Release|Any CPU
	EndGlobalSection
	GlobalSection(ProjectConfigurationPlatforms) = postSolution
		{1E7EFF8A-D733-49EF-BFB2-393559C0D59B}.Debug|Any CPU.ActiveCfg = Debug|Any CPU
		{1E7EFF8A-D733-49EF-BFB2-393559C0D59B}.Debug|Any CPU.Build.0 = Debug|Any CPU
		{1E7EFF8A-D733-49EF-BFB2-393559C0D59B}.Release|Any CPU.ActiveCfg = Release|Any CPU
		{1E7EFF8A-D733-49EF-BFB2-393559C0D59B}.Release|Any CPU.Build.0 = Release|Any CPU
	EndGlobalSection
	GlobalSection(SolutionProperties) = preSolution
		HideSolutionNode = FALSE
	EndGlobalSection
	GlobalSection(ExtensibilityGlobals) = postSolution
		SolutionGuid = {62DFE04F-A2CB-4C03-9678-D9B19D88FB24}
	EndGlobalSection
EndGlobal
